
Microsoft Visual Studio Solution File, Format Version 10.00
# Visual Studio 2008
Project("{FAE04EC0-301F-11D3-BF4B-00C04F79EFBC}") = "com.paypal.ipn.server.net", "com.paypal.ipn.server.net\com.paypal.ipn.server.net.csproj", "{EC9A7FC3-6D73-49C1-BDA7-B6947BF9866C}"
EndProject
Global
	GlobalSection(SolutionConfigurationPlatforms) = preSolution
		Debug|Any CPU = Debug|Any CPU
		Release|Any CPU = Release|Any CPU
	EndGlobalSection
	GlobalSection(ProjectConfigurationPlatforms) = postSolution
		{EC9A7FC3-6D73-49C1-BDA7-B6947BF9866C}.Debug|Any CPU.ActiveCfg = Debug|Any CPU
		{EC9A7FC3-6D73-49C1-BDA7-B6947BF9866C}.Debug|Any CPU.Build.0 = Debug|Any CPU
		{EC9A7FC3-6D73-49C1-BDA7-B6947BF9866C}.Release|Any CPU.ActiveCfg = Release|Any CPU
		{EC9A7FC3-6D73-49C1-BDA7-B6947BF9866C}.Release|Any CPU.Build.0 = Release|Any CPU
	EndGlobalSection
	GlobalSection(MonoDevelopProperties) = preSolution
		StartupItem = com.paypal.ipn.server.net\com.paypal.ipn.server.net.csproj
	EndGlobalSection
EndGlobal
